// !$*UTF8*$!
{
	archiveVersion = 1;
	classes = {
	};
	objectVersion = 56;
	objects = {

/* Begin PBXBuildFile section */
		F7130DDE2C8B0DE000236637 /* Double.swift in Sources */ = {isa = PBXBuildFile; fileRef = F7130DDD2C8B0DE000236637 /* Double.swift */; };
		F7130DE02C8B116800236637 /* SwiftLocation.swift in Sources */ = {isa = PBXBuildFile; fileRef = F7130DDF2C8B116800236637 /* SwiftLocation.swift */; };
		F7130DE22C8B62DF00236637 /* Color.swift in Sources */ = {isa = PBXBuildFile; fileRef = F7130DE12C8B62DF00236637 /* Color.swift */; };
		F7130DE72C8B76B700236637 /* AppSearch.png in Resources */ = {isa = PBXBuildFile; fileRef = F7130DE42C8B76B600236637 /* AppSearch.png */; };
		F7130DE82C8B76B700236637 /* AppHome.png in Resources */ = {isa = PBXBuildFile; fileRef = F7130DE52C8B76B700236637 /* AppHome.png */; };
		F7130DE92C8B76B700236637 /* AppBookRide.png in Resources */ = {isa = PBXBuildFile; fileRef = F7130DE62C8B76B700236637 /* AppBookRide.png */; };
		F726F3722C86D95000B8C691 /* LocationSearchActivateView.swift in Sources */ = {isa = PBXBuildFile; fileRef = F726F3712C86D95000B8C691 /* LocationSearchActivateView.swift */; };
		F726F3742C86DCC100B8C691 /* MapViewActionButton.swift in Sources */ = {isa = PBXBuildFile; fileRef = F726F3732C86DCC100B8C691 /* MapViewActionButton.swift */; };
		F726F3762C86DFA600B8C691 /* LocationSearchView.swift in Sources */ = {isa = PBXBuildFile; fileRef = F726F3752C86DFA600B8C691 /* LocationSearchView.swift */; };
		F726F3782C86E46300B8C691 /* LocationSearchResultCell.swift in Sources */ = {isa = PBXBuildFile; fileRef = F726F3772C86E46300B8C691 /* LocationSearchResultCell.swift */; };
		F726F37A2C86F1E400B8C691 /* LocationSearchViewModel.swift in Sources */ = {isa = PBXBuildFile; fileRef = F726F3792C86F1E400B8C691 /* LocationSearchViewModel.swift */; };
		F7A146962C898209008CFEF0 /* RideRequestView.swift in Sources */ = {isa = PBXBuildFile; fileRef = F7A146952C898209008CFEF0 /* RideRequestView.swift */; };
		F7A146982C89884C008CFEF0 /* Assets.xcassets in Resources */ = {isa = PBXBuildFile; fileRef = F7A146972C89884C008CFEF0 /* Assets.xcassets */; };
		F7A1469A2C89A8F9008CFEF0 /* RideType.swift in Sources */ = {isa = PBXBuildFile; fileRef = F7A146992C89A8F9008CFEF0 /* RideType.swift */; };
		F7CD6DCA2C85BFA3001AA27A /* Swift_RiideApp.swift in Sources */ = {isa = PBXBuildFile; fileRef = F7CD6DC92C85BFA3001AA27A /* Swift_RiideApp.swift */; };
		F7CD6DD12C85BFA4001AA27A /* Preview Assets.xcassets in Resources */ = {isa = PBXBuildFile; fileRef = F7CD6DD02C85BFA4001AA27A /* Preview Assets.xcassets */; };
		F7CD6DE52C85C1CE001AA27A /* HomeView.swift in Sources */ = {isa = PBXBuildFile; fileRef = F7CD6DE42C85C1CE001AA27A /* HomeView.swift */; };
		F7CD6DE92C85C28F001AA27A /* MapViewRepresentable.swift in Sources */ = {isa = PBXBuildFile; fileRef = F7CD6DE82C85C28F001AA27A /* MapViewRepresentable.swift */; };
		F7CD6DEB2C85C64F001AA27A /* LocationManager.swift in Sources */ = {isa = PBXBuildFile; fileRef = F7CD6DEA2C85C64F001AA27A /* LocationManager.swift */; };
		F7F551B92C885B5C00ADC3E8 /* MapViewState.swift in Sources */ = {isa = PBXBuildFile; fileRef = F7F551B82C885B5C00ADC3E8 /* MapViewState.swift */; };
/* End PBXBuildFile section */

/* Begin PBXFileReference section */
		F7130DDD2C8B0DE000236637 /* Double.swift */ = {isa = PBXFileReference; lastKnownFileType = sourcecode.swift; name = Double.swift; path = "Swift Riide/Assets.xcassets/Double.swift"; sourceTree = SOURCE_ROOT; };
		F7130DDF2C8B116800236637 /* SwiftLocation.swift */ = {isa = PBXFileReference; lastKnownFileType = sourcecode.swift; path = SwiftLocation.swift; sourceTree = "<group>"; };
		F7130DE12C8B62DF00236637 /* Color.swift */ = {isa = PBXFileReference; lastKnownFileType = sourcecode.swift; path = Color.swift; sourceTree = "<group>"; };
		F7130DE42C8B76B600236637 /* AppSearch.png */ = {isa = PBXFileReference; lastKnownFileType = image.png; path = AppSearch.png; sourceTree = "<group>"; };
		F7130DE52C8B76B700236637 /* AppHome.png */ = {isa = PBXFileReference; lastKnownFileType = image.png; path = AppHome.png; sourceTree = "<group>"; };
		F7130DE62C8B76B700236637 /* AppBookRide.png */ = {isa = PBXFileReference; lastKnownFileType = image.png; path = AppBookRide.png; sourceTree = "<group>"; };
		F7130E942C8B86F200236637 /* Script.sh */ = {isa = PBXFileReference; lastKnownFileType = text.script.sh; path = Script.sh; sourceTree = "<group>"; };
		F726F3712C86D95000B8C691 /* LocationSearchActivateView.swift */ = {isa = PBXFileReference; lastKnownFileType = sourcecode.swift; path = LocationSearchActivateView.swift; sourceTree = "<group>"; };
		F726F3732C86DCC100B8C691 /* MapViewActionButton.swift */ = {isa = PBXFileReference; lastKnownFileType = sourcecode.swift; path = MapViewActionButton.swift; sourceTree = "<group>"; };
		F726F3752C86DFA600B8C691 /* LocationSearchView.swift */ = {isa = PBXFileReference; lastKnownFileType = sourcecode.swift; path = LocationSearchView.swift; sourceTree = "<group>"; };
		F726F3772C86E46300B8C691 /* LocationSearchResultCell.swift */ = {isa = PBXFileReference; lastKnownFileType = sourcecode.swift; path = LocationSearchResultCell.swift; sourceTree = "<group>"; };
		F726F3792C86F1E400B8C691 /* LocationSearchViewModel.swift */ = {isa = PBXFileReference; lastKnownFileType = sourcecode.swift; path = LocationSearchViewModel.swift; sourceTree = "<group>"; };
		F7A146952C898209008CFEF0 /* RideRequestView.swift */ = {isa = PBXFileReference; lastKnownFileType = sourcecode.swift; path = RideRequestView.swift; sourceTree = "<group>"; };
		F7A146972C89884C008CFEF0 /* Assets.xcassets */ = {isa = PBXFileReference; lastKnownFileType = folder.assetcatalog; path = Assets.xcassets; sourceTree = "<group>"; };
		F7A146992C89A8F9008CFEF0 /* RideType.swift */ = {isa = PBXFileReference; lastKnownFileType = sourcecode.swift; path = RideType.swift; sourceTree = "<group>"; };
		F7CD6DC62C85BFA3001AA27A /* Swift Riide.app */ = {isa = PBXFileReference; explicitFileType = wrapper.application; includeInIndex = 0; path = "Swift Riide.app"; sourceTree = BUILT_PRODUCTS_DIR; };
		F7CD6DC92C85BFA3001AA27A /* Swift_RiideApp.swift */ = {isa = PBXFileReference; lastKnownFileType = sourcecode.swift; path = Swift_RiideApp.swift; sourceTree = "<group>"; };
		F7CD6DD02C85BFA4001AA27A /* Preview Assets.xcassets */ = {isa = PBXFileReference; lastKnownFileType = folder.assetcatalog; path = "Preview Assets.xcassets"; sourceTree = "<group>"; };
		F7CD6DE42C85C1CE001AA27A /* HomeView.swift */ = {isa = PBXFileReference; lastKnownFileType = sourcecode.swift; path = HomeView.swift; sourceTree = "<group>"; };
		F7CD6DE82C85C28F001AA27A /* MapViewRepresentable.swift */ = {isa = PBXFileReference; lastKnownFileType = sourcecode.swift; path = MapViewRepresentable.swift; sourceTree = "<group>"; };
		F7CD6DEA2C85C64F001AA27A /* LocationManager.swift */ = {isa = PBXFileReference; lastKnownFileType = sourcecode.swift; path = LocationManager.swift; sourceTree = "<group>"; };
		F7F551B82C885B5C00ADC3E8 /* MapViewState.swift */ = {isa = PBXFileReference; lastKnownFileType = sourcecode.swift; path = MapViewState.swift; sourceTree = "<group>"; };
/* End PBXFileReference section */

/* Begin PBXFrameworksBuildPhase section */
		F7CD6DC32C85BFA3001AA27A /* Frameworks */ = {
			isa = PBXFrameworksBuildPhase;
			buildActionMask = 2147483647;
			files = (
			);
			runOnlyForDeploymentPostprocessing = 0;
		};
/* End PBXFrameworksBuildPhase section */

/* Begin PBXGroup section */
		F7130DE32C8B763A00236637 /* AppImages */ = {
			isa = PBXGroup;
			children = (
				F7130DE62C8B76B700236637 /* AppBookRide.png */,
				F7130DE52C8B76B700236637 /* AppHome.png */,
				F7130DE42C8B76B600236637 /* AppSearch.png */,
			);
			path = AppImages;
			sourceTree = "<group>";
		};
		F726F36D2C86D8FC00B8C691 /* Home */ = {
			isa = PBXGroup;
			children = (
				F7CD6DE32C85C1B7001AA27A /* Views */,
				F7CD6DE22C85C195001AA27A /* ViewModel */,
			);
			path = Home;
			sourceTree = "<group>";
		};
		F726F36E2C86D90900B8C691 /* LocationSearch */ = {
			isa = PBXGroup;
			children = (
				F726F3702C86D92F00B8C691 /* View */,
				F726F36F2C86D92600B8C691 /* ViewModel */,
			);
			path = LocationSearch;
			sourceTree = "<group>";
		};
		F726F36F2C86D92600B8C691 /* ViewModel */ = {
			isa = PBXGroup;
			children = (
				F726F3792C86F1E400B8C691 /* LocationSearchViewModel.swift */,
			);
			path = ViewModel;
			sourceTree = "<group>";
		};
		F726F3702C86D92F00B8C691 /* View */ = {
			isa = PBXGroup;
			children = (
				F726F3712C86D95000B8C691 /* LocationSearchActivateView.swift */,
				F726F3752C86DFA600B8C691 /* LocationSearchView.swift */,
				F726F3772C86E46300B8C691 /* LocationSearchResultCell.swift */,
			);
			path = View;
			sourceTree = "<group>";
		};
		F7A146942C8981EB008CFEF0 /* Trips */ = {
			isa = PBXGroup;
			children = (
				F7A146952C898209008CFEF0 /* RideRequestView.swift */,
			);
			path = Trips;
			sourceTree = "<group>";
		};
		F7CD6DBD2C85BFA3001AA27A = {
			isa = PBXGroup;
			children = (
				F7CD6DC82C85BFA3001AA27A /* Swift Riide */,
				F7CD6DC72C85BFA3001AA27A /* Products */,
			);
			sourceTree = "<group>";
		};
		F7CD6DC72C85BFA3001AA27A /* Products */ = {
			isa = PBXGroup;
			children = (
				F7CD6DC62C85BFA3001AA27A /* Swift Riide.app */,
			);
			name = Products;
			sourceTree = "<group>";
		};
		F7CD6DC82C85BFA3001AA27A /* Swift Riide */ = {
			isa = PBXGroup;
			children = (
				F7130DE32C8B763A00236637 /* AppImages */,
				F7CD6DE12C85C0DB001AA27A /* App */,
				F7CD6DE02C85C0D9001AA27A /* Core */,
				F7CD6DDF2C85C0D7001AA27A /* Extensions */,
				F7CD6DDE2C85C0D5001AA27A /* Managers */,
				F7CD6DDC2C85C0CB001AA27A /* Models */,
				F7CD6DC92C85BFA3001AA27A /* Swift_RiideApp.swift */,
				F7A146972C89884C008CFEF0 /* Assets.xcassets */,
				F7CD6DCF2C85BFA4001AA27A /* Preview Content */,
				F7130E942C8B86F200236637 /* Script.sh */,
			);
			path = "Swift Riide";
			sourceTree = "<group>";
		};
		F7CD6DCF2C85BFA4001AA27A /* Preview Content */ = {
			isa = PBXGroup;
			children = (
				F7CD6DD02C85BFA4001AA27A /* Preview Assets.xcassets */,
			);
			path = "Preview Content";
			sourceTree = "<group>";
		};
		F7CD6DDC2C85C0CB001AA27A /* Models */ = {
			isa = PBXGroup;
			children = (
				F7F551B82C885B5C00ADC3E8 /* MapViewState.swift */,
				F7A146992C89A8F9008CFEF0 /* RideType.swift */,
				F7130DDF2C8B116800236637 /* SwiftLocation.swift */,
			);
			path = Models;
			sourceTree = "<group>";
		};
		F7CD6DDE2C85C0D5001AA27A /* Managers */ = {
			isa = PBXGroup;
			children = (
				F7CD6DEA2C85C64F001AA27A /* LocationManager.swift */,
			);
			path = Managers;
			sourceTree = "<group>";
		};
		F7CD6DDF2C85C0D7001AA27A /* Extensions */ = {
			isa = PBXGroup;
			children = (
				F7130DDD2C8B0DE000236637 /* Double.swift */,
				F7130DE12C8B62DF00236637 /* Color.swift */,
			);
			path = Extensions;
			sourceTree = "<group>";
		};
		F7CD6DE02C85C0D9001AA27A /* Core */ = {
			isa = PBXGroup;
			children = (
				F7A146942C8981EB008CFEF0 /* Trips */,
				F726F36E2C86D90900B8C691 /* LocationSearch */,
				F726F36D2C86D8FC00B8C691 /* Home */,
			);
			path = Core;
			sourceTree = "<group>";
		};
		F7CD6DE12C85C0DB001AA27A /* App */ = {
			isa = PBXGroup;
			children = (
			);
			path = App;
			sourceTree = "<group>";
		};
		F7CD6DE22C85C195001AA27A /* ViewModel */ = {
			isa = PBXGroup;
			children = (
			);
			path = ViewModel;
			sourceTree = "<group>";
		};
		F7CD6DE32C85C1B7001AA27A /* Views */ = {
			isa = PBXGroup;
			children = (
				F7CD6DE42C85C1CE001AA27A /* HomeView.swift */,
				F7CD6DE82C85C28F001AA27A /* MapViewRepresentable.swift */,
				F726F3732C86DCC100B8C691 /* MapViewActionButton.swift */,
			);
			path = Views;
			sourceTree = "<group>";
		};
/* End PBXGroup section */

/* Begin PBXNativeTarget section */
		F7CD6DC52C85BFA3001AA27A /* Swift Riide */ = {
			isa = PBXNativeTarget;
			buildConfigurationList = F7CD6DD42C85BFA4001AA27A /* Build configuration list for PBXNativeTarget "Swift Riide" */;
			buildPhases = (
				F7CD6DC22C85BFA3001AA27A /* Sources */,
				F7CD6DC32C85BFA3001AA27A /* Frameworks */,
				F7CD6DC42C85BFA3001AA27A /* Resources */,
			);
			buildRules = (
			);
			dependencies = (
			);
			name = "Swift Riide";
			productName = "Swift Riide";
			productReference = F7CD6DC62C85BFA3001AA27A /* Swift Riide.app */;
			productType = "com.apple.product-type.application";
		};
/* End PBXNativeTarget section */

/* Begin PBXProject section */
		F7CD6DBE2C85BFA3001AA27A /* Project object */ = {
			isa = PBXProject;
			attributes = {
				BuildIndependentTargetsInParallel = 1;
				LastSwiftUpdateCheck = 1540;
				LastUpgradeCheck = 1540;
				TargetAttributes = {
					F7CD6DC52C85BFA3001AA27A = {
						CreatedOnToolsVersion = 15.4;
					};
				};
			};
			buildConfigurationList = F7CD6DC12C85BFA3001AA27A /* Build configuration list for PBXProject "Swift Riide" */;
			compatibilityVersion = "Xcode 14.0";
			developmentRegion = en;
			hasScannedForEncodings = 0;
			knownRegions = (
				en,
				Base,
			);
			mainGroup = F7CD6DBD2C85BFA3001AA27A;
			productRefGroup = F7CD6DC72C85BFA3001AA27A /* Products */;
			projectDirPath = "";
			projectRoot = "";
			targets = (
				F7CD6DC52C85BFA3001AA27A /* Swift Riide */,
			);
		};
/* End PBXProject section */

/* Begin PBXResourcesBuildPhase section */
		F7CD6DC42C85BFA3001AA27A /* Resources */ = {
			isa = PBXResourcesBuildPhase;
			buildActionMask = 2147483647;
			files = (
				F7130DE92C8B76B700236637 /* AppBookRide.png in Resources */,
				F7130DE82C8B76B700236637 /* AppHome.png in Resources */,
				F7130DE72C8B76B700236637 /* AppSearch.png in Resources */,
				F7A146982C89884C008CFEF0 /* Assets.xcassets in Resources */,
				F7CD6DD12C85BFA4001AA27A /* Preview Assets.xcassets in Resources */,
			);
			runOnlyForDeploymentPostprocessing = 0;
		};
/* End PBXResourcesBuildPhase section */

/* Begin PBXSourcesBuildPhase section */
		F7CD6DC22C85BFA3001AA27A /* Sources */ = {
			isa = PBXSourcesBuildPhase;
			buildActionMask = 2147483647;
			files = (
				F726F37A2C86F1E400B8C691 /* LocationSearchViewModel.swift in Sources */,
				F726F3762C86DFA600B8C691 /* LocationSearchView.swift in Sources */,
				F7130DE02C8B116800236637 /* SwiftLocation.swift in Sources */,
				F7CD6DEB2C85C64F001AA27A /* LocationManager.swift in Sources */,
				F7A146962C898209008CFEF0 /* RideRequestView.swift in Sources */,
				F7130DDE2C8B0DE000236637 /* Double.swift in Sources */,
				F7F551B92C885B5C00ADC3E8 /* MapViewState.swift in Sources */,
				F726F3742C86DCC100B8C691 /* MapViewActionButton.swift in Sources */,
				F7130DE22C8B62DF00236637 /* Color.swift in Sources */,
				F7CD6DE52C85C1CE001AA27A /* HomeView.swift in Sources */,
				F7CD6DE92C85C28F001AA27A /* MapViewRepresentable.swift in Sources */,
				F7CD6DCA2C85BFA3001AA27A /* Swift_RiideApp.swift in Sources */,
				F726F3722C86D95000B8C691 /* LocationSearchActivateView.swift in Sources */,
				F726F3782C86E46300B8C691 /* LocationSearchResultCell.swift in Sources */,
				F7A1469A2C89A8F9008CFEF0 /* RideType.swift in Sources */,
			);
			runOnlyForDeploymentPostprocessing = 0;
		};
/* End PBXSourcesBuildPhase section */

/* Begin XCBuildConfiguration section */
		F7CD6DD22C85BFA4001AA27A /* Debug */ = {
			isa = XCBuildConfiguration;
			buildSettings = {
				ALWAYS_SEARCH_USER_PATHS = NO;
				ASSETCATALOG_COMPILER_GENERATE_SWIFT_ASSET_SYMBOL_EXTENSIONS = YES;
				CLANG_ANALYZER_NONNULL = YES;
				CLANG_ANALYZER_NUMBER_OBJECT_CONVERSION = YES_AGGRESSIVE;
				CLANG_CXX_LANGUAGE_STANDARD = "gnu++20";
				CLANG_ENABLE_MODULES = YES;
				CLANG_ENABLE_OBJC_ARC = YES;
				CLANG_ENABLE_OBJC_WEAK = YES;
				CLANG_WARN_BLOCK_CAPTURE_AUTORELEASING = YES;
				CLANG_WARN_BOOL_CONVERSION = YES;
				CLANG_WARN_COMMA = YES;
				CLANG_WARN_CONSTANT_CONVERSION = YES;
				CLANG_WARN_DEPRECATED_OBJC_IMPLEMENTATIONS = YES;
				CLANG_WARN_DIRECT_OBJC_ISA_USAGE = YES_ERROR;
				CLANG_WARN_DOCUMENTATION_COMMENTS = YES;
				CLANG_WARN_EMPTY_BODY = YES;
				CLANG_WARN_ENUM_CONVERSION = YES;
				CLANG_WARN_INFINITE_RECURSION = YES;
				CLANG_WARN_INT_CONVERSION = YES;
				CLANG_WARN_NON_LITERAL_NULL_CONVERSION = YES;
				CLANG_WARN_OBJC_IMPLICIT_RETAIN_SELF = YES;
				CLANG_WARN_OBJC_LITERAL_CONVERSION = YES;
				CLANG_WARN_OBJC_ROOT_CLASS = YES_ERROR;
				CLANG_WARN_QUOTED_INCLUDE_IN_FRAMEWORK_HEADER = YES;
				CLANG_WARN_RANGE_LOOP_ANALYSIS = YES;
				CLANG_WARN_STRICT_PROTOTYPES = YES;
				CLANG_WARN_SUSPICIOUS_MOVE = YES;
				CLANG_WARN_UNGUARDED_AVAILABILITY = YES_AGGRESSIVE;
				CLANG_WARN_UNREACHABLE_CODE = YES;
				CLANG_WARN__DUPLICATE_METHOD_MATCH = YES;
				COPY_PHASE_STRIP = NO;
				DEBUG_INFORMATION_FORMAT = dwarf;
				ENABLE_STRICT_OBJC_MSGSEND = YES;
				ENABLE_TESTABILITY = YES;
				ENABLE_USER_SCRIPT_SANDBOXING = YES;
				GCC_C_LANGUAGE_STANDARD = gnu17;
				GCC_DYNAMIC_NO_PIC = NO;
				GCC_NO_COMMON_BLOCKS = YES;
				GCC_OPTIMIZATION_LEVEL = 0;
				GCC_PREPROCESSOR_DEFINITIONS = (
					"DEBUG=1",
					"$(inherited)",
				);
				GCC_WARN_64_TO_32_BIT_CONVERSION = YES;
				GCC_WARN_ABOUT_RETURN_TYPE = YES_ERROR;
				GCC_WARN_UNDECLARED_SELECTOR = YES;
				GCC_WARN_UNINITIALIZED_AUTOS = YES_AGGRESSIVE;
				GCC_WARN_UNUSED_FUNCTION = YES;
				GCC_WARN_UNUSED_VARIABLE = YES;
				IPHONEOS_DEPLOYMENT_TARGET = 17.5;
				LOCALIZATION_PREFERS_STRING_CATALOGS = YES;
				MTL_ENABLE_DEBUG_INFO = INCLUDE_SOURCE;
				MTL_FAST_MATH = YES;
				ONLY_ACTIVE_ARCH = YES;
				SDKROOT = iphoneos;
				SWIFT_ACTIVE_COMPILATION_CONDITIONS = "DEBUG $(inherited)";
				SWIFT_OPTIMIZATION_LEVEL = "-Onone";
			};
			name = Debug;
		};
		F7CD6DD32C85BFA4001AA27A /* Release */ = {
			isa = XCBuildConfiguration;
			buildSettings = {
				ALWAYS_SEARCH_USER_PATHS = NO;
				ASSETCATALOG_COMPILER_GENERATE_SWIFT_ASSET_SYMBOL_EXTENSIONS = YES;
				CLANG_ANALYZER_NONNULL = YES;
				CLANG_ANALYZER_NUMBER_OBJECT_CONVERSION = YES_AGGRESSIVE;
				CLANG_CXX_LANGUAGE_STANDARD = "gnu++20";
				CLANG_ENABLE_MODULES = YES;
				CLANG_ENABLE_OBJC_ARC = YES;
				CLANG_ENABLE_OBJC_WEAK = YES;
				CLANG_WARN_BLOCK_CAPTURE_AUTORELEASING = YES;
				CLANG_WARN_BOOL_CONVERSION = YES;
				CLANG_WARN_COMMA = YES;
				CLANG_WARN_CONSTANT_CONVERSION = YES;
				CLANG_WARN_DEPRECATED_OBJC_IMPLEMENTATIONS = YES;
				CLANG_WARN_DIRECT_OBJC_ISA_USAGE = YES_ERROR;
				CLANG_WARN_DOCUMENTATION_COMMENTS = YES;
				CLANG_WARN_EMPTY_BODY = YES;
				CLANG_WARN_ENUM_CONVERSION = YES;
				CLANG_WARN_INFINITE_RECURSION = YES;
				CLANG_WARN_INT_CONVERSION = YES;
				CLANG_WARN_NON_LITERAL_NULL_CONVERSION = YES;
				CLANG_WARN_OBJC_IMPLICIT_RETAIN_SELF = YES;
				CLANG_WARN_OBJC_LITERAL_CONVERSION = YES;
				CLANG_WARN_OBJC_ROOT_CLASS = YES_ERROR;
				CLANG_WARN_QUOTED_INCLUDE_IN_FRAMEWORK_HEADER = YES;
				CLANG_WARN_RANGE_LOOP_ANALYSIS = YES;
				CLANG_WARN_STRICT_PROTOTYPES = YES;
				CLANG_WARN_SUSPICIOUS_MOVE = YES;
				CLANG_WARN_UNGUARDED_AVAILABILITY = YES_AGGRESSIVE;
				CLANG_WARN_UNREACHABLE_CODE = YES;
				CLANG_WARN__DUPLICATE_METHOD_MATCH = YES;
				COPY_PHASE_STRIP = NO;
				DEBUG_INFORMATION_FORMAT = "dwarf-with-dsym";
				ENABLE_NS_ASSERTIONS = NO;
				ENABLE_STRICT_OBJC_MSGSEND = YES;
				ENABLE_USER_SCRIPT_SANDBOXING = YES;
				GCC_C_LANGUAGE_STANDARD = gnu17;
				GCC_NO_COMMON_BLOCKS = YES;
				GCC_WARN_64_TO_32_BIT_CONVERSION = YES;
				GCC_WARN_ABOUT_RETURN_TYPE = YES_ERROR;
				GCC_WARN_UNDECLARED_SELECTOR = YES;
				GCC_WARN_UNINITIALIZED_AUTOS = YES_AGGRESSIVE;
				GCC_WARN_UNUSED_FUNCTION = YES;
				GCC_WARN_UNUSED_VARIABLE = YES;
				IPHONEOS_DEPLOYMENT_TARGET = 17.5;
				LOCALIZATION_PREFERS_STRING_CATALOGS = YES;
				MTL_ENABLE_DEBUG_INFO = NO;
				MTL_FAST_MATH = YES;
				SDKROOT = iphoneos;
				SWIFT_COMPILATION_MODE = wholemodule;
				VALIDATE_PRODUCT = YES;
			};
			name = Release;
		};
		F7CD6DD52C85BFA4001AA27A /* Debug */ = {
			isa = XCBuildConfiguration;
			buildSettings = {
				ASSETCATALOG_COMPILER_APPICON_NAME = AppIcon;
				ASSETCATALOG_COMPILER_GLOBAL_ACCENT_COLOR_NAME = AccentColor;
				CODE_SIGN_STYLE = Automatic;
				CURRENT_PROJECT_VERSION = 1;
				DEVELOPMENT_ASSET_PATHS = "\"Swift Riide/Preview Content\"";
				DEVELOPMENT_TEAM = 8TNP7LCQ34;
				ENABLE_PREVIEWS = YES;
				GENERATE_INFOPLIST_FILE = YES;
				INFOPLIST_KEY_NSLocationWhenInUseUsageDescription = "We need your permission to access your location so we can find nearby drivers and get you a ride quickly and efficiently. Please allow location access to continue.\n\n";
				INFOPLIST_KEY_UIApplicationSceneManifest_Generation = YES;
				INFOPLIST_KEY_UIApplicationSupportsIndirectInputEvents = YES;
				INFOPLIST_KEY_UILaunchScreen_Generation = YES;
				INFOPLIST_KEY_UISupportedInterfaceOrientations_iPad = "UIInterfaceOrientationPortrait UIInterfaceOrientationPortraitUpsideDown UIInterfaceOrientationLandscapeLeft UIInterfaceOrientationLandscapeRight";
				INFOPLIST_KEY_UISupportedInterfaceOrientations_iPhone = "UIInterfaceOrientationPortrait UIInterfaceOrientationLandscapeLeft UIInterfaceOrientationLandscapeRight";
				LD_RUNPATH_SEARCH_PATHS = (
					"$(inherited)",
					"@executable_path/Frameworks",
				);
				MARKETING_VERSION = 1.0;
				PRODUCT_BUNDLE_IDENTIFIER = "com.zain.Swift-Riide";
				PRODUCT_NAME = "$(TARGET_NAME)";
				SWIFT_EMIT_LOC_STRINGS = YES;
				SWIFT_VERSION = 5.0;
				TARGETED_DEVICE_FAMILY = "1,2";
			};
			name = Debug;
		};
		F7CD6DD62C85BFA4001AA27A /* Release */ = {
			isa = XCBuildConfiguration;
			buildSettings = {
				ASSETCATALOG_COMPILER_APPICON_NAME = AppIcon;
				ASSETCATALOG_COMPILER_GLOBAL_ACCENT_COLOR_NAME = AccentColor;
				CODE_SIGN_STYLE = Automatic;
				CURRENT_PROJECT_VERSION = 1;
				DEVELOPMENT_ASSET_PATHS = "\"Swift Riide/Preview Content\"";
				DEVELOPMENT_TEAM = 8TNP7LCQ34;
				ENABLE_PREVIEWS = YES;
				GENERATE_INFOPLIST_FILE = YES;
				INFOPLIST_KEY_NSLocationWhenInUseUsageDescription = "We need your permission to access your location so we can find nearby drivers and get you a ride quickly and efficiently. Please allow location access to continue.\n\n";
				INFOPLIST_KEY_UIApplicationSceneManifest_Generation = YES;
				INFOPLIST_KEY_UIApplicationSupportsIndirectInputEvents = YES;
				INFOPLIST_KEY_UILaunchScreen_Generation = YES;
				INFOPLIST_KEY_UISupportedInterfaceOrientations_iPad = "UIInterfaceOrientationPortrait UIInterfaceOrientationPortraitUpsideDown UIInterfaceOrientationLandscapeLeft UIInterfaceOrientationLandscapeRight";
				INFOPLIST_KEY_UISupportedInterfaceOrientations_iPhone = "UIInterfaceOrientationPortrait UIInterfaceOrientationLandscapeLeft UIInterfaceOrientationLandscapeRight";
				LD_RUNPATH_SEARCH_PATHS = (
					"$(inherited)",
					"@executable_path/Frameworks",
				);
				MARKETING_VERSION = 1.0;
				PRODUCT_BUNDLE_IDENTIFIER = "com.zain.Swift-Riide";
				PRODUCT_NAME = "$(TARGET_NAME)";
				SWIFT_EMIT_LOC_STRINGS = YES;
				SWIFT_VERSION = 5.0;
				TARGETED_DEVICE_FAMILY = "1,2";
			};
			name = Release;
		};
/* End XCBuildConfiguration section */

/* Begin XCConfigurationList section */
		F7CD6DC12C85BFA3001AA27A /* Build configuration list for PBXProject "Swift Riide" */ = {
			isa = XCConfigurationList;
			buildConfigurations = (
				F7CD6DD22C85BFA4001AA27A /* Debug */,
				F7CD6DD32C85BFA4001AA27A /* Release */,
			);
			defaultConfigurationIsVisible = 0;
			defaultConfigurationName = Release;
		};
		F7CD6DD42C85BFA4001AA27A /* Build configuration list for PBXNativeTarget "Swift Riide" */ = {
			isa = XCConfigurationList;
			buildConfigurations = (
				F7CD6DD52C85BFA4001AA27A /* Debug */,
				F7CD6DD62C85BFA4001AA27A /* Release */,
			);
			defaultConfigurationIsVisible = 0;
			defaultConfigurationName = Release;
		};
/* End XCConfigurationList section */
	};
	rootObject = F7CD6DBE2C85BFA3001AA27A /* Project object */;
}
